
Microsoft Visual Studio Solution File, Format Version 12.00
# Visual Studio 15
VisualStudioVersion = 15.0.27703.1
MinimumVisualStudioVersion = 10.0.40219.1
Project("{8BC9CEB8-8B4A-11D0-8D11-00A0C91BC942}") = "state", "state\state.vcxproj", "{4A03CFC1-ADFD-47E1-B799-67EF39B74EA8}"
EndProject
Project("{8BC9CEB8-8B4A-11D0-8D11-00A0C91BC942}") = "GumBallMachine", "GumBallMachine\GumBallMachine.vcxproj", "{D82544D3-EA9A-4048-9745-1047966D903D}"
EndProject
Project("{8BC9CEB8-8B4A-11D0-8D11-00A0C91BC942}") = "GumBallMachineTests", "GumBallMachineTests\GumBallMachineTests.vcxproj", "{53F2A426-56EC-4A20-B860-51E361EDC84F}"
EndProject
Project("{8BC9CEB8-8B4A-11D0-8D11-00A0C91BC942}") = "MultiGumBallMachine", "MultiGumBallMachine\MultiGumBallMachine.vcxproj", "{F26AEE68-F575-44E2-9B51-05B0C48DCB1B}"
EndProject
Project("{8BC9CEB8-8B4A-11D0-8D11-00A0C91BC942}") = "MultiGumBallMachineTests", "MultiGumBallMachineTests\MultiGumBallMachineTests.vcxproj", "{65AAAA92-64F4-436C-A13E-7387F86714BC}"
EndProject
Project("{8BC9CEB8-8B4A-11D0-8D11-00A0C91BC942}") = "NaiveMultiGumBallMachine", "NaiveMultiGumBallMachine\NaiveMultiGumBallMachine.vcxproj", "{5F297698-CD73-4643-A531-148092CA27E9}"
EndProject
Project("{8BC9CEB8-8B4A-11D0-8D11-00A0C91BC942}") = "NaiveMultiGumBallMachineTests", "NaiveMultiGumBallMachineTests\NaiveMultiGumBallMachineTests.vcxproj", "{522E1417-F362-4FE2-96B9-39A3ADE40C3A}"
EndProject
Global
	GlobalSection(SolutionConfigurationPlatforms) = preSolution
		Debug|x64 = Debug|x64
		Debug|x86 = Debug|x86
		Release|x64 = Release|x64
		Release|x86 = Release|x86
	EndGlobalSection
	GlobalSection(ProjectConfigurationPlatforms) = postSolution
		{4A03CFC1-ADFD-47E1-B799-67EF39B74EA8}.Debug|x64.ActiveCfg = Debug|x64
		{4A03CFC1-ADFD-47E1-B799-67EF39B74EA8}.Debug|x64.Build.0 = Debug|x64
		{4A03CFC1-ADFD-47E1-B799-67EF39B74EA8}.Debug|x86.ActiveCfg = Debug|Win32
		{4A03CFC1-ADFD-47E1-B799-67EF39B74EA8}.Debug|x86.Build.0 = Debug|Win32
		{4A03CFC1-ADFD-47E1-B799-67EF39B74EA8}.Release|x64.ActiveCfg = Release|x64
		{4A03CFC1-ADFD-47E1-B799-67EF39B74EA8}.Release|x64.Build.0 = Release|x64
		{4A03CFC1-ADFD-47E1-B799-67EF39B74EA8}.Release|x86.ActiveCfg = Release|Win32
		{4A03CFC1-ADFD-47E1-B799-67EF39B74EA8}.Release|x86.Build.0 = Release|Win32
		{D82544D3-EA9A-4048-9745-1047966D903D}.Debug|x64.ActiveCfg = Debug|x64
		{D82544D3-EA9A-4048-9745-1047966D903D}.Debug|x64.Build.0 = Debug|x64
		{D82544D3-EA9A-4048-9745-1047966D903D}.Debug|x86.ActiveCfg = Debug|Win32
		{D82544D3-EA9A-4048-9745-1047966D903D}.Debug|x86.Build.0 = Debug|Win32
		{D82544D3-EA9A-4048-9745-1047966D903D}.Release|x64.ActiveCfg = Release|x64
		{D82544D3-EA9A-4048-9745-1047966D903D}.Release|x64.Build.0 = Release|x64
		{D82544D3-EA9A-4048-9745-1047966D903D}.Release|x86.ActiveCfg = Release|Win32
		{D82544D3-EA9A-4048-9745-1047966D903D}.Release|x86.Build.0 = Release|Win32
		{53F2A426-56EC-4A20-B860-51E361EDC84F}.Debug|x64.ActiveCfg = Debug|x64
		{53F2A426-56EC-4A20-B860-51E361EDC84F}.Debug|x64.Build.0 = Debug|x64
		{53F2A426-56EC-4A20-B860-51E361EDC84F}.Debug|x86.ActiveCfg = Debug|Win32
		{53F2A426-56EC-4A20-B860-51E361EDC84F}.Debug|x86.Build.0 = Debug|Win32
		{53F2A426-56EC-4A20-B860-51E361EDC84F}.Release|x64.ActiveCfg = Release|x64
		{53F2A426-56EC-4A20-B860-51E361EDC84F}.Release|x64.Build.0 = Release|x64
		{53F2A426-56EC-4A20-B860-51E361EDC84F}.Release|x86.ActiveCfg = Release|Win32
		{53F2A426-56EC-4A20-B860-51E361EDC84F}.Release|x86.Build.0 = Release|Win32
		{F26AEE68-F575-44E2-9B51-05B0C48DCB1B}.Debug|x64.ActiveCfg = Debug|x64
		{F26AEE68-F575-44E2-9B51-05B0C48DCB1B}.Debug|x64.Build.0 = Debug|x64
		{F26AEE68-F575-44E2-9B51-05B0C48DCB1B}.Debug|x86.ActiveCfg = Debug|Win32
		{F26AEE68-F575-44E2-9B51-05B0C48DCB1B}.Debug|x86.Build.0 = Debug|Win32
		{F26AEE68-F575-44E2-9B51-05B0C48DCB1B}.Release|x64.ActiveCfg = Release|x64
		{F26AEE68-F575-44E2-9B51-05B0C48DCB1B}.Release|x64.Build.0 = Release|x64
		{F26AEE68-F575-44E2-9B51-05B0C48DCB1B}.Release|x86.ActiveCfg = Release|Win32
		{F26AEE68-F575-44E2-9B51-05B0C48DCB1B}.Release|x86.Build.0 = Release|Win32
		{65AAAA92-64F4-436C-A13E-7387F86714BC}.Debug|x64.ActiveCfg = Debug|x64
		{65AAAA92-64F4-436C-A13E-7387F86714BC}.Debug|x64.Build.0 = Debug|x64
		{65AAAA92-64F4-436C-A13E-7387F86714BC}.Debug|x86.ActiveCfg = Debug|Win32
		{65AAAA92-64F4-436C-A13E-7387F86714BC}.Debug|x86.Build.0 = Debug|Win32
		{65AAAA92-64F4-436C-A13E-7387F86714BC}.Release|x64.ActiveCfg = Release|x64
		{65AAAA92-64F4-436C-A13E-7387F86714BC}.Release|x64.Build.0 = Release|x64
		{65AAAA92-64F4-436C-A13E-7387F86714BC}.Release|x86.ActiveCfg = Release|Win32
		{65AAAA92-64F4-436C-A13E-7387F86714BC}.Release|x86.Build.0 = Release|Win32
		{5F297698-CD73-4643-A531-148092CA27E9}.Debug|x64.ActiveCfg = Debug|x64
		{5F297698-CD73-4643-A531-148092CA27E9}.Debug|x64.Build.0 = Debug|x64
		{5F297698-CD73-4643-A531-148092CA27E9}.Debug|x86.ActiveCfg = Debug|Win32
		{5F297698-CD73-4643-A531-148092CA27E9}.Debug|x86.Build.0 = Debug|Win32
		{5F297698-CD73-4643-A531-148092CA27E9}.Release|x64.ActiveCfg = Release|x64
		{5F297698-CD73-4643-A531-148092CA27E9}.Release|x64.Build.0 = Release|x64
		{5F297698-CD73-4643-A531-148092CA27E9}.Release|x86.ActiveCfg = Release|Win32
		{5F297698-CD73-4643-A531-148092CA27E9}.Release|x86.Build.0 = Release|Win32
		{522E1417-F362-4FE2-96B9-39A3ADE40C3A}.Debug|x64.ActiveCfg = Debug|x64
		{522E1417-F362-4FE2-96B9-39A3ADE40C3A}.Debug|x64.Build.0 = Debug|x64
		{522E1417-F362-4FE2-96B9-39A3ADE40C3A}.Debug|x86.ActiveCfg = Debug|Win32
		{522E1417-F362-4FE2-96B9-39A3ADE40C3A}.Debug|x86.Build.0 = Debug|Win32
		{522E1417-F362-4FE2-96B9-39A3ADE40C3A}.Release|x64.ActiveCfg = Release|x64
		{522E1417-F362-4FE2-96B9-39A3ADE40C3A}.Release|x64.Build.0 = Release|x64
		{522E1417-F362-4FE2-96B9-39A3ADE40C3A}.Release|x86.ActiveCfg = Release|Win32
		{522E1417-F362-4FE2-96B9-39A3ADE40C3A}.Release|x86.Build.0 = Release|Win32
	EndGlobalSection
	GlobalSection(SolutionProperties) = preSolution
		HideSolutionNode = FALSE
	EndGlobalSection
	GlobalSection(ExtensibilityGlobals) = postSolution
		SolutionGuid = {080AEE8B-F7FC-4AE1-BF7C-9407837B4E22}
	EndGlobalSection
EndGlobal
