<?xml version="1.0" encoding="utf-8"?>
<Project ToolsVersion="4.0" xmlns="http://schemas.microsoft.com/developer/msbuild/2003">
  <ItemGroup>
    <Filter Include="Исходные файлы">
      <UniqueIdentifier>{4FC737F1-C7A5-4376-A066-2A32D752A2FF}</UniqueIdentifier>
      <Extensions>cpp;c;cc;cxx;def;odl;idl;hpj;bat;asm;asmx</Extensions>
    </Filter>
    <Filter Include="Файлы заголовков">
      <UniqueIdentifier>{93995380-89BD-4b04-88EB-625FBE52EBFB}</UniqueIdentifier>
      <Extensions>h;hh;hpp;hxx;hm;inl;inc;ipp;xsd</Extensions>
    </Filter>
    <Filter Include="Файлы ресурсов">
      <UniqueIdentifier>{67DA6AB6-F800-4c08-8B7A-83BB121AAD01}</UniqueIdentifier>
      <Extensions>rc;ico;cur;bmp;dlg;rc2;rct;bin;rgs;gif;jpg;jpeg;jpe;resx;tiff;tif;png;wav;mfcribbon-ms</Extensions>
    </Filter>
    <Filter Include="State">
      <UniqueIdentifier>{09091f4b-0d2d-464f-a8fd-960776fe402e}</UniqueIdentifier>
    </Filter>
    <Filter Include="GumballMachine">
      <UniqueIdentifier>{17a80896-f50b-49f1-8bd7-a43f541c37ef}</UniqueIdentifier>
    </Filter>
  </ItemGroup>
  <ItemGroup>
    <ClInclude Include="stdafx.h">
      <Filter>Файлы заголовков</Filter>
    </ClInclude>
    <ClInclude Include="targetver.h">
      <Filter>Файлы заголовков</Filter>
    </ClInclude>
    <ClInclude Include="IState.h">
      <Filter>State</Filter>
    </ClInclude>
    <ClInclude Include="IGumballMachine.h">
      <Filter>GumballMachine</Filter>
    </ClInclude>
    <ClInclude Include="SoldState.h">
      <Filter>State</Filter>
    </ClInclude>
    <ClInclude Include="SoldOutState.h">
      <Filter>State</Filter>
    </ClInclude>
    <ClInclude Include="HasQuarterState.h">
      <Filter>State</Filter>
    </ClInclude>
    <ClInclude Include="NoQuarterState.h">
      <Filter>State</Filter>
    </ClInclude>
    <ClInclude Include="GumballMachine.h">
      <Filter>GumballMachine</Filter>
    </ClInclude>
  </ItemGroup>
  <ItemGroup>
    <ClCompile Include="stdafx.cpp">
      <Filter>Исходные файлы</Filter>
    </ClCompile>
    <ClCompile Include="SoldState.cpp">
      <Filter>State</Filter>
    </ClCompile>
    <ClCompile Include="SoldOutState.cpp">
      <Filter>State</Filter>
    </ClCompile>
    <ClCompile Include="HasQuarterState.cpp">
      <Filter>State</Filter>
    </ClCompile>
    <ClCompile Include="NoQuarterState.cpp">
      <Filter>State</Filter>
    </ClCompile>
    <ClCompile Include="GumballMachine.cpp">
      <Filter>GumballMachine</Filter>
    </ClCompile>
  </ItemGroup>
</Project>