
Microsoft Visual Studio Solution File, Format Version 12.00
# Visual Studio 15
VisualStudioVersion = 15.0.27703.1
MinimumVisualStudioVersion = 10.0.40219.1
Project("{8BC9CEB8-8B4A-11D0-8D11-00A0C91BC942}") = "composite", "composite\composite.vcxproj", "{B1628BFD-D56E-42C5-80B2-10D15C1DF678}"
EndProject
Project("{8BC9CEB8-8B4A-11D0-8D11-00A0C91BC942}") = "libeditor", "libEditor\libEditor.vcxproj", "{7C0F829F-2B75-4537-8824-40118529BACC}"
EndProject
Project("{8BC9CEB8-8B4A-11D0-8D11-00A0C91BC942}") = "libeditorTests", "libeditorTests\libeditorTests.vcxproj", "{6DB23BCF-A034-4A79-A1E5-7BD62C5EF5AE}"
EndProject
Global
	GlobalSection(SolutionConfigurationPlatforms) = preSolution
		Debug|x64 = Debug|x64
		Debug|x86 = Debug|x86
		Release|x64 = Release|x64
		Release|x86 = Release|x86
	EndGlobalSection
	GlobalSection(ProjectConfigurationPlatforms) = postSolution
		{B1628BFD-D56E-42C5-80B2-10D15C1DF678}.Debug|x64.ActiveCfg = Debug|x64
		{B1628BFD-D56E-42C5-80B2-10D15C1DF678}.Debug|x64.Build.0 = Debug|x64
		{B1628BFD-D56E-42C5-80B2-10D15C1DF678}.Debug|x86.ActiveCfg = Debug|Win32
		{B1628BFD-D56E-42C5-80B2-10D15C1DF678}.Debug|x86.Build.0 = Debug|Win32
		{B1628BFD-D56E-42C5-80B2-10D15C1DF678}.Release|x64.ActiveCfg = Release|x64
		{B1628BFD-D56E-42C5-80B2-10D15C1DF678}.Release|x64.Build.0 = Release|x64
		{B1628BFD-D56E-42C5-80B2-10D15C1DF678}.Release|x86.ActiveCfg = Release|Win32
		{B1628BFD-D56E-42C5-80B2-10D15C1DF678}.Release|x86.Build.0 = Release|Win32
		{7C0F829F-2B75-4537-8824-40118529BACC}.Debug|x64.ActiveCfg = Debug|x64
		{7C0F829F-2B75-4537-8824-40118529BACC}.Debug|x64.Build.0 = Debug|x64
		{7C0F829F-2B75-4537-8824-40118529BACC}.Debug|x86.ActiveCfg = Debug|Win32
		{7C0F829F-2B75-4537-8824-40118529BACC}.Debug|x86.Build.0 = Debug|Win32
		{7C0F829F-2B75-4537-8824-40118529BACC}.Release|x64.ActiveCfg = Release|x64
		{7C0F829F-2B75-4537-8824-40118529BACC}.Release|x64.Build.0 = Release|x64
		{7C0F829F-2B75-4537-8824-40118529BACC}.Release|x86.ActiveCfg = Release|Win32
		{7C0F829F-2B75-4537-8824-40118529BACC}.Release|x86.Build.0 = Release|Win32
		{6DB23BCF-A034-4A79-A1E5-7BD62C5EF5AE}.Debug|x64.ActiveCfg = Debug|x64
		{6DB23BCF-A034-4A79-A1E5-7BD62C5EF5AE}.Debug|x64.Build.0 = Debug|x64
		{6DB23BCF-A034-4A79-A1E5-7BD62C5EF5AE}.Debug|x86.ActiveCfg = Debug|Win32
		{6DB23BCF-A034-4A79-A1E5-7BD62C5EF5AE}.Debug|x86.Build.0 = Debug|Win32
		{6DB23BCF-A034-4A79-A1E5-7BD62C5EF5AE}.Release|x64.ActiveCfg = Release|x64
		{6DB23BCF-A034-4A79-A1E5-7BD62C5EF5AE}.Release|x64.Build.0 = Release|x64
		{6DB23BCF-A034-4A79-A1E5-7BD62C5EF5AE}.Release|x86.ActiveCfg = Release|Win32
		{6DB23BCF-A034-4A79-A1E5-7BD62C5EF5AE}.Release|x86.Build.0 = Release|Win32
	EndGlobalSection
	GlobalSection(SolutionProperties) = preSolution
		HideSolutionNode = FALSE
	EndGlobalSection
	GlobalSection(ExtensibilityGlobals) = postSolution
		SolutionGuid = {3072B80D-1638-4A69-AAC8-EBAD54F7570F}
	EndGlobalSection
EndGlobal
